{
  "requires": true,
  "lockfileVersion": 1,
  "dependencies": {
    "random-english-words": {
      "version": "0.1.0",
      "resolved": "https://registry.npmjs.org/random-english-words/-/random-english-words-0.1.0.tgz",
      "integrity": "sha512-obQzYuEBmWQXlyKdPUH/15V495GxXMw5QyjwoL80jscSgKnaSaSW7x+st39s3DeSjylBDwu86xKNj6MlkCSpbQ=="
    }
  }
}
