
Microsoft Visual Studio Solution File, Format Version 12.00
# Visual Studio Version 17
VisualStudioVersion = 17.14.36408.4 d17.14
MinimumVisualStudioVersion = 10.0.40219.1
Project("{FAE04EC0-301F-11D3-BF4B-00C04F79EFBC}") = "CPlot", "CPlot\CPlot.csproj", "{ACE8A365-6A15-47F4-A2E4-C6CB03FA9BE5}"
EndProject
Global
	GlobalSection(SolutionConfigurationPlatforms) = preSolution
		Debug|Any CPU = Debug|Any CPU
		Release|Any CPU = Release|Any CPU
	EndGlobalSection
	GlobalSection(ProjectConfigurationPlatforms) = postSolution
		{ACE8A365-6A15-47F4-A2E4-C6CB03FA9BE5}.Debug|Any CPU.ActiveCfg = Debug|Any CPU
		{ACE8A365-6A15-47F4-A2E4-C6CB03FA9BE5}.Debug|Any CPU.Build.0 = Debug|Any CPU
		{ACE8A365-6A15-47F4-A2E4-C6CB03FA9BE5}.Release|Any CPU.ActiveCfg = Release|Any CPU
		{ACE8A365-6A15-47F4-A2E4-C6CB03FA9BE5}.Release|Any CPU.Build.0 = Release|Any CPU
	EndGlobalSection
	GlobalSection(SolutionProperties) = preSolution
		HideSolutionNode = FALSE
	EndGlobalSection
	GlobalSection(ExtensibilityGlobals) = postSolution
		SolutionGuid = {7BA5D253-1D37-4055-9EE5-D49D213D14DA}
	EndGlobalSection
EndGlobal
