
Microsoft Visual Studio Solution File, Format Version 12.00
# Visual Studio Version 17
VisualStudioVersion = 17.9.34622.214
MinimumVisualStudioVersion = 10.0.40219.1
Project("{888888A0-9F3D-457C-B088-3A5042F75D52}") = "Torch", "Torch\Torch.pyproj", "{319FE6CC-EA83-4001-8B1D-43690420F862}"
EndProject
Global
	GlobalSection(SolutionConfigurationPlatforms) = preSolution
		Debug|Any CPU = Debug|Any CPU
		Release|Any CPU = Release|Any CPU
	EndGlobalSection
	GlobalSection(ProjectConfigurationPlatforms) = postSolution
		{319FE6CC-EA83-4001-8B1D-43690420F862}.Debug|Any CPU.ActiveCfg = Debug|Any CPU
		{319FE6CC-EA83-4001-8B1D-43690420F862}.Release|Any CPU.ActiveCfg = Release|Any CPU
	EndGlobalSection
	GlobalSection(SolutionProperties) = preSolution
		HideSolutionNode = FALSE
	EndGlobalSection
	GlobalSection(ExtensibilityGlobals) = postSolution
		SolutionGuid = {669CBB2C-3B3C-42AD-A1C7-A4D8E5399A23}
	EndGlobalSection
EndGlobal
